// !$*UTF8*$!
{
	archiveVersion = 1;
	classes = {
	};
	objectVersion = 56;
	objects = {

/* Begin PBXBuildFile section */
		9B3BC90F2E86B2DE00168E27 /* WebResources in Resources */ = {isa = PBXBuildFile; fileRef = 9B3BC90E2E86B2DE00168E27 /* WebResources */; };
		9B82986D2E87E7D80071B97B /* ViewController.swift in Sources */ = {isa = PBXBuildFile; fileRef = 9B82986C2E87E7D80071B97B /* ViewController.swift */; };
		9B87801C2E8051DD00C80BE8 /* WebViewTemplateApp.swift in Sources */ = {isa = PBXBuildFile; fileRef = 9B87801B2E8051DD00C80BE8 /* WebViewTemplateApp.swift */; };
		9B87801E2E8051DD00C80BE8 /* ContentView.swift in Sources */ = {isa = PBXBuildFile; fileRef = 9B87801D2E8051DD00C80BE8 /* ContentView.swift */; };
		9B8780202E8051E300C80BE8 /* Assets.xcassets in Resources */ = {isa = PBXBuildFile; fileRef = 9B87801F2E8051E300C80BE8 /* Assets.xcassets */; };
		9B8780232E8051E300C80BE8 /* Preview Assets.xcassets in Resources */ = {isa = PBXBuildFile; fileRef = 9B8780222E8051E300C80BE8 /* Preview Assets.xcassets */; };
		9B87802D2E8051E400C80BE8 /* WebViewTemplateTests.swift in Sources */ = {isa = PBXBuildFile; fileRef = 9B87802C2E8051E400C80BE8 /* WebViewTemplateTests.swift */; };
		9B8780372E8051E400C80BE8 /* WebViewTemplateUITests.swift in Sources */ = {isa = PBXBuildFile; fileRef = 9B8780362E8051E400C80BE8 /* WebViewTemplateUITests.swift */; };
		9B8780392E8051E400C80BE8 /* WebViewTemplateUITestsLaunchTests.swift in Sources */ = {isa = PBXBuildFile; fileRef = 9B8780382E8051E400C80BE8 /* WebViewTemplateUITestsLaunchTests.swift */; };
/* End PBXBuildFile section */

/* Begin PBXContainerItemProxy section */
		9B8780292E8051E400C80BE8 /* PBXContainerItemProxy */ = {
			isa = PBXContainerItemProxy;
			containerPortal = 9B8780102E8051DD00C80BE8 /* Project object */;
			proxyType = 1;
			remoteGlobalIDString = 9B8780172E8051DD00C80BE8;
			remoteInfo = WebViewTemplate;
		};
		9B8780332E8051E400C80BE8 /* PBXContainerItemProxy */ = {
			isa = PBXContainerItemProxy;
			containerPortal = 9B8780102E8051DD00C80BE8 /* Project object */;
			proxyType = 1;
			remoteGlobalIDString = 9B8780172E8051DD00C80BE8;
			remoteInfo = WebViewTemplate;
		};
/* End PBXContainerItemProxy section */

/* Begin PBXFileReference section */
		9B3BC90E2E86B2DE00168E27 /* WebResources */ = {isa = PBXFileReference; lastKnownFileType = folder; path = WebResources; sourceTree = "<group>"; };
		9B82986C2E87E7D80071B97B /* ViewController.swift */ = {isa = PBXFileReference; lastKnownFileType = sourcecode.swift; path = ViewController.swift; sourceTree = "<group>"; };
		9B8780182E8051DD00C80BE8 /* WebViewTemplate.app */ = {isa = PBXFileReference; explicitFileType = wrapper.application; includeInIndex = 0; path = WebViewTemplate.app; sourceTree = BUILT_PRODUCTS_DIR; };
		9B87801B2E8051DD00C80BE8 /* WebViewTemplateApp.swift */ = {isa = PBXFileReference; lastKnownFileType = sourcecode.swift; path = WebViewTemplateApp.swift; sourceTree = "<group>"; };
		9B87801D2E8051DD00C80BE8 /* ContentView.swift */ = {isa = PBXFileReference; lastKnownFileType = sourcecode.swift; path = ContentView.swift; sourceTree = "<group>"; };
		9B87801F2E8051E300C80BE8 /* Assets.xcassets */ = {isa = PBXFileReference; lastKnownFileType = folder.assetcatalog; path = Assets.xcassets; sourceTree = "<group>"; };
		9B8780222E8051E300C80BE8 /* Preview Assets.xcassets */ = {isa = PBXFileReference; lastKnownFileType = folder.assetcatalog; path = "Preview Assets.xcassets"; sourceTree = "<group>"; };
		9B8780282E8051E400C80BE8 /* WebViewTemplateTests.xctest */ = {isa = PBXFileReference; explicitFileType = wrapper.cfbundle; includeInIndex = 0; path = WebViewTemplateTests.xctest; sourceTree = BUILT_PRODUCTS_DIR; };
		9B87802C2E8051E400C80BE8 /* WebViewTemplateTests.swift */ = {isa = PBXFileReference; lastKnownFileType = sourcecode.swift; path = WebViewTemplateTests.swift; sourceTree = "<group>"; };
		9B8780322E8051E400C80BE8 /* WebViewTemplateUITests.xctest */ = {isa = PBXFileReference; explicitFileType = wrapper.cfbundle; includeInIndex = 0; path = WebViewTemplateUITests.xctest; sourceTree = BUILT_PRODUCTS_DIR; };
		9B8780362E8051E400C80BE8 /* WebViewTemplateUITests.swift */ = {isa = PBXFileReference; lastKnownFileType = sourcecode.swift; path = WebViewTemplateUITests.swift; sourceTree = "<group>"; };
		9B8780382E8051E400C80BE8 /* WebViewTemplateUITestsLaunchTests.swift */ = {isa = PBXFileReference; lastKnownFileType = sourcecode.swift; path = WebViewTemplateUITestsLaunchTests.swift; sourceTree = "<group>"; };
/* End PBXFileReference section */

/* Begin PBXFrameworksBuildPhase section */
		9B8780152E8051DD00C80BE8 /* Frameworks */ = {
			isa = PBXFrameworksBuildPhase;
			buildActionMask = 2147483647;
			files = (
			);
			runOnlyForDeploymentPostprocessing = 0;
		};
		9B8780252E8051E400C80BE8 /* Frameworks */ = {
			isa = PBXFrameworksBuildPhase;
			buildActionMask = 2147483647;
			files = (
			);
			runOnlyForDeploymentPostprocessing = 0;
		};
		9B87802F2E8051E400C80BE8 /* Frameworks */ = {
			isa = PBXFrameworksBuildPhase;
			buildActionMask = 2147483647;
			files = (
			);
			runOnlyForDeploymentPostprocessing = 0;
		};
/* End PBXFrameworksBuildPhase section */

/* Begin PBXGroup section */
		9B87800F2E8051DD00C80BE8 = {
			isa = PBXGroup;
			children = (
				9B87801A2E8051DD00C80BE8 /* WebViewTemplate */,
				9B87802B2E8051E400C80BE8 /* WebViewTemplateTests */,
				9B8780352E8051E400C80BE8 /* WebViewTemplateUITests */,
				9B8780192E8051DD00C80BE8 /* Products */,
			);
			sourceTree = "<group>";
		};
		9B8780192E8051DD00C80BE8 /* Products */ = {
			isa = PBXGroup;
			children = (
				9B8780182E8051DD00C80BE8 /* WebViewTemplate.app */,
				9B8780282E8051E400C80BE8 /* WebViewTemplateTests.xctest */,
				9B8780322E8051E400C80BE8 /* WebViewTemplateUITests.xctest */,
			);
			name = Products;
			sourceTree = "<group>";
		};
		9B87801A2E8051DD00C80BE8 /* WebViewTemplate */ = {
			isa = PBXGroup;
			children = (
				9B3BC90E2E86B2DE00168E27 /* WebResources */,
				9B87801B2E8051DD00C80BE8 /* WebViewTemplateApp.swift */,
				9B87801D2E8051DD00C80BE8 /* ContentView.swift */,
				9B87801F2E8051E300C80BE8 /* Assets.xcassets */,
				9B8780212E8051E300C80BE8 /* Preview Content */,
				9B82986C2E87E7D80071B97B /* ViewController.swift */,
			);
			path = WebViewTemplate;
			sourceTree = "<group>";
		};
		9B8780212E8051E300C80BE8 /* Preview Content */ = {
			isa = PBXGroup;
			children = (
				9B8780222E8051E300C80BE8 /* Preview Assets.xcassets */,
			);
			path = "Preview Content";
			sourceTree = "<group>";
		};
		9B87802B2E8051E400C80BE8 /* WebViewTemplateTests */ = {
			isa = PBXGroup;
			children = (
				9B87802C2E8051E400C80BE8 /* WebViewTemplateTests.swift */,
			);
			path = WebViewTemplateTests;
			sourceTree = "<group>";
		};
		9B8780352E8051E400C80BE8 /* WebViewTemplateUITests */ = {
			isa = PBXGroup;
			children = (
				9B8780362E8051E400C80BE8 /* WebViewTemplateUITests.swift */,
				9B8780382E8051E400C80BE8 /* WebViewTemplateUITestsLaunchTests.swift */,
			);
			path = WebViewTemplateUITests;
			sourceTree = "<group>";
		};
/* End PBXGroup section */

/* Begin PBXNativeTarget section */
		9B8780172E8051DD00C80BE8 /* WebViewTemplate */ = {
			isa = PBXNativeTarget;
			buildConfigurationList = 9B87803C2E8051E400C80BE8 /* Build configuration list for PBXNativeTarget "WebViewTemplate" */;
			buildPhases = (
				9B8780142E8051DD00C80BE8 /* Sources */,
				9B8780152E8051DD00C80BE8 /* Frameworks */,
				9B8780162E8051DD00C80BE8 /* Resources */,
			);
			buildRules = (
			);
			dependencies = (
			);
			name = WebViewTemplate;
			productName = WebViewTemplate;
			productReference = 9B8780182E8051DD00C80BE8 /* WebViewTemplate.app */;
			productType = "com.apple.product-type.application";
		};
		9B8780272E8051E400C80BE8 /* WebViewTemplateTests */ = {
			isa = PBXNativeTarget;
			buildConfigurationList = 9B87803F2E8051E400C80BE8 /* Build configuration list for PBXNativeTarget "WebViewTemplateTests" */;
			buildPhases = (
				9B8780242E8051E400C80BE8 /* Sources */,
				9B8780252E8051E400C80BE8 /* Frameworks */,
				9B8780262E8051E400C80BE8 /* Resources */,
			);
			buildRules = (
			);
			dependencies = (
				9B87802A2E8051E400C80BE8 /* PBXTargetDependency */,
			);
			name = WebViewTemplateTests;
			productName = WebViewTemplateTests;
			productReference = 9B8780282E8051E400C80BE8 /* WebViewTemplateTests.xctest */;
			productType = "com.apple.product-type.bundle.unit-test";
		};
		9B8780312E8051E400C80BE8 /* WebViewTemplateUITests */ = {
			isa = PBXNativeTarget;
			buildConfigurationList = 9B8780422E8051E400C80BE8 /* Build configuration list for PBXNativeTarget "WebViewTemplateUITests" */;
			buildPhases = (
				9B87802E2E8051E400C80BE8 /* Sources */,
				9B87802F2E8051E400C80BE8 /* Frameworks */,
				9B8780302E8051E400C80BE8 /* Resources */,
			);
			buildRules = (
			);
			dependencies = (
				9B8780342E8051E400C80BE8 /* PBXTargetDependency */,
			);
			name = WebViewTemplateUITests;
			productName = WebViewTemplateUITests;
			productReference = 9B8780322E8051E400C80BE8 /* WebViewTemplateUITests.xctest */;
			productType = "com.apple.product-type.bundle.ui-testing";
		};
/* End PBXNativeTarget section */

/* Begin PBXProject section */
		9B8780102E8051DD00C80BE8 /* Project object */ = {
			isa = PBXProject;
			attributes = {
				BuildIndependentTargetsInParallel = 1;
				LastSwiftUpdateCheck = 1510;
				LastUpgradeCheck = 1510;
				TargetAttributes = {
					9B8780172E8051DD00C80BE8 = {
						CreatedOnToolsVersion = 15.1;
					};
					9B8780272E8051E400C80BE8 = {
						CreatedOnToolsVersion = 15.1;
						TestTargetID = 9B8780172E8051DD00C80BE8;
					};
					9B8780312E8051E400C80BE8 = {
						CreatedOnToolsVersion = 15.1;
						TestTargetID = 9B8780172E8051DD00C80BE8;
					};
				};
			};
			buildConfigurationList = 9B8780132E8051DD00C80BE8 /* Build configuration list for PBXProject "WebViewTemplate" */;
			compatibilityVersion = "Xcode 14.0";
			developmentRegion = en;
			hasScannedForEncodings = 0;
			knownRegions = (
				en,
				Base,
			);
			mainGroup = 9B87800F2E8051DD00C80BE8;
			productRefGroup = 9B8780192E8051DD00C80BE8 /* Products */;
			projectDirPath = "";
			projectRoot = "";
			targets = (
				9B8780172E8051DD00C80BE8 /* WebViewTemplate */,
				9B8780272E8051E400C80BE8 /* WebViewTemplateTests */,
				9B8780312E8051E400C80BE8 /* WebViewTemplateUITests */,
			);
		};
/* End PBXProject section */

/* Begin PBXResourcesBuildPhase section */
		9B8780162E8051DD00C80BE8 /* Resources */ = {
			isa = PBXResourcesBuildPhase;
			buildActionMask = 2147483647;
			files = (
				9B8780232E8051E300C80BE8 /* Preview Assets.xcassets in Resources */,
				9B3BC90F2E86B2DE00168E27 /* WebResources in Resources */,
				9B8780202E8051E300C80BE8 /* Assets.xcassets in Resources */,
			);
			runOnlyForDeploymentPostprocessing = 0;
		};
		9B8780262E8051E400C80BE8 /* Resources */ = {
			isa = PBXResourcesBuildPhase;
			buildActionMask = 2147483647;
			files = (
			);
			runOnlyForDeploymentPostprocessing = 0;
		};
		9B8780302E8051E400C80BE8 /* Resources */ = {
			isa = PBXResourcesBuildPhase;
			buildActionMask = 2147483647;
			files = (
			);
			runOnlyForDeploymentPostprocessing = 0;
		};
/* End PBXResourcesBuildPhase section */

/* Begin PBXSourcesBuildPhase section */
		9B8780142E8051DD00C80BE8 /* Sources */ = {
			isa = PBXSourcesBuildPhase;
			buildActionMask = 2147483647;
			files = (
				9B82986D2E87E7D80071B97B /* ViewController.swift in Sources */,
				9B87801E2E8051DD00C80BE8 /* ContentView.swift in Sources */,
				9B87801C2E8051DD00C80BE8 /* WebViewTemplateApp.swift in Sources */,
			);
			runOnlyForDeploymentPostprocessing = 0;
		};
		9B8780242E8051E400C80BE8 /* Sources */ = {
			isa = PBXSourcesBuildPhase;
			buildActionMask = 2147483647;
			files = (
				9B87802D2E8051E400C80BE8 /* WebViewTemplateTests.swift in Sources */,
			);
			runOnlyForDeploymentPostprocessing = 0;
		};
		9B87802E2E8051E400C80BE8 /* Sources */ = {
			isa = PBXSourcesBuildPhase;
			buildActionMask = 2147483647;
			files = (
				9B8780392E8051E400C80BE8 /* WebViewTemplateUITestsLaunchTests.swift in Sources */,
				9B8780372E8051E400C80BE8 /* WebViewTemplateUITests.swift in Sources */,
			);
			runOnlyForDeploymentPostprocessing = 0;
		};
/* End PBXSourcesBuildPhase section */

/* Begin PBXTargetDependency section */
		9B87802A2E8051E400C80BE8 /* PBXTargetDependency */ = {
			isa = PBXTargetDependency;
			target = 9B8780172E8051DD00C80BE8 /* WebViewTemplate */;
			targetProxy = 9B8780292E8051E400C80BE8 /* PBXContainerItemProxy */;
		};
		9B8780342E8051E400C80BE8 /* PBXTargetDependency */ = {
			isa = PBXTargetDependency;
			target = 9B8780172E8051DD00C80BE8 /* WebViewTemplate */;
			targetProxy = 9B8780332E8051E400C80BE8 /* PBXContainerItemProxy */;
		};
/* End PBXTargetDependency section */

/* Begin XCBuildConfiguration section */
		9B87803A2E8051E400C80BE8 /* Debug */ = {
			isa = XCBuildConfiguration;
			buildSettings = {
				ALWAYS_SEARCH_USER_PATHS = NO;
				ASSETCATALOG_COMPILER_GENERATE_SWIFT_ASSET_SYMBOL_EXTENSIONS = YES;
				CLANG_ANALYZER_NONNULL = YES;
				CLANG_ANALYZER_NUMBER_OBJECT_CONVERSION = YES_AGGRESSIVE;
				CLANG_CXX_LANGUAGE_STANDARD = "gnu++20";
				CLANG_ENABLE_MODULES = YES;
				CLANG_ENABLE_OBJC_ARC = YES;
				CLANG_ENABLE_OBJC_WEAK = YES;
				CLANG_WARN_BLOCK_CAPTURE_AUTORELEASING = YES;
				CLANG_WARN_BOOL_CONVERSION = YES;
				CLANG_WARN_COMMA = YES;
				CLANG_WARN_CONSTANT_CONVERSION = YES;
				CLANG_WARN_DEPRECATED_OBJC_IMPLEMENTATIONS = YES;
				CLANG_WARN_DIRECT_OBJC_ISA_USAGE = YES_ERROR;
				CLANG_WARN_DOCUMENTATION_COMMENTS = YES;
				CLANG_WARN_EMPTY_BODY = YES;
				CLANG_WARN_ENUM_CONVERSION = YES;
				CLANG_WARN_INFINITE_RECURSION = YES;
				CLANG_WARN_INT_CONVERSION = YES;
				CLANG_WARN_NON_LITERAL_NULL_CONVERSION = YES;
				CLANG_WARN_OBJC_IMPLICIT_RETAIN_SELF = YES;
				CLANG_WARN_OBJC_LITERAL_CONVERSION = YES;
				CLANG_WARN_OBJC_ROOT_CLASS = YES_ERROR;
				CLANG_WARN_QUOTED_INCLUDE_IN_FRAMEWORK_HEADER = YES;
				CLANG_WARN_RANGE_LOOP_ANALYSIS = YES;
				CLANG_WARN_STRICT_PROTOTYPES = YES;
				CLANG_WARN_SUSPICIOUS_MOVE = YES;
				CLANG_WARN_UNGUARDED_AVAILABILITY = YES_AGGRESSIVE;
				CLANG_WARN_UNREACHABLE_CODE = YES;
				CLANG_WARN__DUPLICATE_METHOD_MATCH = YES;
				COPY_PHASE_STRIP = NO;
				DEBUG_INFORMATION_FORMAT = dwarf;
				ENABLE_STRICT_OBJC_MSGSEND = YES;
				ENABLE_TESTABILITY = YES;
				ENABLE_USER_SCRIPT_SANDBOXING = YES;
				GCC_C_LANGUAGE_STANDARD = gnu17;
				GCC_DYNAMIC_NO_PIC = NO;
				GCC_NO_COMMON_BLOCKS = YES;
				GCC_OPTIMIZATION_LEVEL = 0;
				GCC_PREPROCESSOR_DEFINITIONS = (
					"DEBUG=1",
					"$(inherited)",
				);
				GCC_WARN_64_TO_32_BIT_CONVERSION = YES;
				GCC_WARN_ABOUT_RETURN_TYPE = YES_ERROR;
				GCC_WARN_UNDECLARED_SELECTOR = YES;
				GCC_WARN_UNINITIALIZED_AUTOS = YES_AGGRESSIVE;
				GCC_WARN_UNUSED_FUNCTION = YES;
				GCC_WARN_UNUSED_VARIABLE = YES;
				IPHONEOS_DEPLOYMENT_TARGET = 17.2;
				LOCALIZATION_PREFERS_STRING_CATALOGS = YES;
				MTL_ENABLE_DEBUG_INFO = INCLUDE_SOURCE;
				MTL_FAST_MATH = YES;
				ONLY_ACTIVE_ARCH = YES;
				SDKROOT = iphoneos;
				SWIFT_ACTIVE_COMPILATION_CONDITIONS = "DEBUG $(inherited)";
				SWIFT_OPTIMIZATION_LEVEL = "-Onone";
			};
			name = Debug;
		};
		9B87803B2E8051E400C80BE8 /* Release */ = {
			isa = XCBuildConfiguration;
			buildSettings = {
				ALWAYS_SEARCH_USER_PATHS = NO;
				ASSETCATALOG_COMPILER_GENERATE_SWIFT_ASSET_SYMBOL_EXTENSIONS = YES;
				CLANG_ANALYZER_NONNULL = YES;
				CLANG_ANALYZER_NUMBER_OBJECT_CONVERSION = YES_AGGRESSIVE;
				CLANG_CXX_LANGUAGE_STANDARD = "gnu++20";
				CLANG_ENABLE_MODULES = YES;
				CLANG_ENABLE_OBJC_ARC = YES;
				CLANG_ENABLE_OBJC_WEAK = YES;
				CLANG_WARN_BLOCK_CAPTURE_AUTORELEASING = YES;
				CLANG_WARN_BOOL_CONVERSION = YES;
				CLANG_WARN_COMMA = YES;
				CLANG_WARN_CONSTANT_CONVERSION = YES;
				CLANG_WARN_DEPRECATED_OBJC_IMPLEMENTATIONS = YES;
				CLANG_WARN_DIRECT_OBJC_ISA_USAGE = YES_ERROR;
				CLANG_WARN_DOCUMENTATION_COMMENTS = YES;
				CLANG_WARN_EMPTY_BODY = YES;
				CLANG_WARN_ENUM_CONVERSION = YES;
				CLANG_WARN_INFINITE_RECURSION = YES;
				CLANG_WARN_INT_CONVERSION = YES;
				CLANG_WARN_NON_LITERAL_NULL_CONVERSION = YES;
				CLANG_WARN_OBJC_IMPLICIT_RETAIN_SELF = YES;
				CLANG_WARN_OBJC_LITERAL_CONVERSION = YES;
				CLANG_WARN_OBJC_ROOT_CLASS = YES_ERROR;
				CLANG_WARN_QUOTED_INCLUDE_IN_FRAMEWORK_HEADER = YES;
				CLANG_WARN_RANGE_LOOP_ANALYSIS = YES;
				CLANG_WARN_STRICT_PROTOTYPES = YES;
				CLANG_WARN_SUSPICIOUS_MOVE = YES;
				CLANG_WARN_UNGUARDED_AVAILABILITY = YES_AGGRESSIVE;
				CLANG_WARN_UNREACHABLE_CODE = YES;
				CLANG_WARN__DUPLICATE_METHOD_MATCH = YES;
				COPY_PHASE_STRIP = NO;
				DEBUG_INFORMATION_FORMAT = "dwarf-with-dsym";
				ENABLE_NS_ASSERTIONS = NO;
				ENABLE_STRICT_OBJC_MSGSEND = YES;
				ENABLE_USER_SCRIPT_SANDBOXING = YES;
				GCC_C_LANGUAGE_STANDARD = gnu17;
				GCC_NO_COMMON_BLOCKS = YES;
				GCC_WARN_64_TO_32_BIT_CONVERSION = YES;
				GCC_WARN_ABOUT_RETURN_TYPE = YES_ERROR;
				GCC_WARN_UNDECLARED_SELECTOR = YES;
				GCC_WARN_UNINITIALIZED_AUTOS = YES_AGGRESSIVE;
				GCC_WARN_UNUSED_FUNCTION = YES;
				GCC_WARN_UNUSED_VARIABLE = YES;
				IPHONEOS_DEPLOYMENT_TARGET = 17.2;
				LOCALIZATION_PREFERS_STRING_CATALOGS = YES;
				MTL_ENABLE_DEBUG_INFO = NO;
				MTL_FAST_MATH = YES;
				SDKROOT = iphoneos;
				SWIFT_COMPILATION_MODE = wholemodule;
				VALIDATE_PRODUCT = YES;
			};
			name = Release;
		};
		9B87803D2E8051E400C80BE8 /* Debug */ = {
			isa = XCBuildConfiguration;
			buildSettings = {
				ASSETCATALOG_COMPILER_APPICON_NAME = AppIcon;
				ASSETCATALOG_COMPILER_GLOBAL_ACCENT_COLOR_NAME = AccentColor;
				CODE_SIGN_STYLE = Automatic;
				CURRENT_PROJECT_VERSION = 1;
				DEVELOPMENT_ASSET_PATHS = "\"WebViewTemplate/Preview Content\"";
				DEVELOPMENT_TEAM = 79L49YA66N;
				ENABLE_PREVIEWS = YES;
				GENERATE_INFOPLIST_FILE = YES;
				INFOPLIST_KEY_UIApplicationSceneManifest_Generation = YES;
				INFOPLIST_KEY_UIApplicationSupportsIndirectInputEvents = YES;
				INFOPLIST_KEY_UILaunchScreen_Generation = YES;
				INFOPLIST_KEY_UISupportedInterfaceOrientations_iPad = "UIInterfaceOrientationPortrait UIInterfaceOrientationPortraitUpsideDown UIInterfaceOrientationLandscapeLeft UIInterfaceOrientationLandscapeRight";
				INFOPLIST_KEY_UISupportedInterfaceOrientations_iPhone = "UIInterfaceOrientationPortrait UIInterfaceOrientationLandscapeLeft UIInterfaceOrientationLandscapeRight";
				LD_RUNPATH_SEARCH_PATHS = (
					"$(inherited)",
					"@executable_path/Frameworks",
				);
				MARKETING_VERSION = 1.0;
				PRODUCT_BUNDLE_IDENTIFIER = testing.WebViewTemplate;
				PRODUCT_NAME = "$(TARGET_NAME)";
				SWIFT_EMIT_LOC_STRINGS = YES;
				SWIFT_VERSION = 5.0;
				TARGETED_DEVICE_FAMILY = "1,2";
			};
			name = Debug;
		};
		9B87803E2E8051E400C80BE8 /* Release */ = {
			isa = XCBuildConfiguration;
			buildSettings = {
				ASSETCATALOG_COMPILER_APPICON_NAME = AppIcon;
				ASSETCATALOG_COMPILER_GLOBAL_ACCENT_COLOR_NAME = AccentColor;
				CODE_SIGN_STYLE = Automatic;
				CURRENT_PROJECT_VERSION = 1;
				DEVELOPMENT_ASSET_PATHS = "\"WebViewTemplate/Preview Content\"";
				DEVELOPMENT_TEAM = 79L49YA66N;
				ENABLE_PREVIEWS = YES;
				GENERATE_INFOPLIST_FILE = YES;
				INFOPLIST_KEY_UIApplicationSceneManifest_Generation = YES;
				INFOPLIST_KEY_UIApplicationSupportsIndirectInputEvents = YES;
				INFOPLIST_KEY_UILaunchScreen_Generation = YES;
				INFOPLIST_KEY_UISupportedInterfaceOrientations_iPad = "UIInterfaceOrientationPortrait UIInterfaceOrientationPortraitUpsideDown UIInterfaceOrientationLandscapeLeft UIInterfaceOrientationLandscapeRight";
				INFOPLIST_KEY_UISupportedInterfaceOrientations_iPhone = "UIInterfaceOrientationPortrait UIInterfaceOrientationLandscapeLeft UIInterfaceOrientationLandscapeRight";
				LD_RUNPATH_SEARCH_PATHS = (
					"$(inherited)",
					"@executable_path/Frameworks",
				);
				MARKETING_VERSION = 1.0;
				PRODUCT_BUNDLE_IDENTIFIER = testing.WebViewTemplate;
				PRODUCT_NAME = "$(TARGET_NAME)";
				SWIFT_EMIT_LOC_STRINGS = YES;
				SWIFT_VERSION = 5.0;
				TARGETED_DEVICE_FAMILY = "1,2";
			};
			name = Release;
		};
		9B8780402E8051E400C80BE8 /* Debug */ = {
			isa = XCBuildConfiguration;
			buildSettings = {
				ALWAYS_EMBED_SWIFT_STANDARD_LIBRARIES = YES;
				BUNDLE_LOADER = "$(TEST_HOST)";
				CODE_SIGN_STYLE = Automatic;
				CURRENT_PROJECT_VERSION = 1;
				DEVELOPMENT_TEAM = 79L49YA66N;
				GENERATE_INFOPLIST_FILE = YES;
				IPHONEOS_DEPLOYMENT_TARGET = 17.2;
				MARKETING_VERSION = 1.0;
				PRODUCT_BUNDLE_IDENTIFIER = testing.WebViewTemplateTests;
				PRODUCT_NAME = "$(TARGET_NAME)";
				SWIFT_EMIT_LOC_STRINGS = NO;
				SWIFT_VERSION = 5.0;
				TARGETED_DEVICE_FAMILY = "1,2";
				TEST_HOST = "$(BUILT_PRODUCTS_DIR)/WebViewTemplate.app/$(BUNDLE_EXECUTABLE_FOLDER_PATH)/WebViewTemplate";
			};
			name = Debug;
		};
		9B8780412E8051E400C80BE8 /* Release */ = {
			isa = XCBuildConfiguration;
			buildSettings = {
				ALWAYS_EMBED_SWIFT_STANDARD_LIBRARIES = YES;
				BUNDLE_LOADER = "$(TEST_HOST)";
				CODE_SIGN_STYLE = Automatic;
				CURRENT_PROJECT_VERSION = 1;
				DEVELOPMENT_TEAM = 79L49YA66N;
				GENERATE_INFOPLIST_FILE = YES;
				IPHONEOS_DEPLOYMENT_TARGET = 17.2;
				MARKETING_VERSION = 1.0;
				PRODUCT_BUNDLE_IDENTIFIER = testing.WebViewTemplateTests;
				PRODUCT_NAME = "$(TARGET_NAME)";
				SWIFT_EMIT_LOC_STRINGS = NO;
				SWIFT_VERSION = 5.0;
				TARGETED_DEVICE_FAMILY = "1,2";
				TEST_HOST = "$(BUILT_PRODUCTS_DIR)/WebViewTemplate.app/$(BUNDLE_EXECUTABLE_FOLDER_PATH)/WebViewTemplate";
			};
			name = Release;
		};
		9B8780432E8051E400C80BE8 /* Debug */ = {
			isa = XCBuildConfiguration;
			buildSettings = {
				ALWAYS_EMBED_SWIFT_STANDARD_LIBRARIES = YES;
				CODE_SIGN_STYLE = Automatic;
				CURRENT_PROJECT_VERSION = 1;
				DEVELOPMENT_TEAM = 79L49YA66N;
				GENERATE_INFOPLIST_FILE = YES;
				MARKETING_VERSION = 1.0;
				PRODUCT_BUNDLE_IDENTIFIER = testing.WebViewTemplateUITests;
				PRODUCT_NAME = "$(TARGET_NAME)";
				SWIFT_EMIT_LOC_STRINGS = NO;
				SWIFT_VERSION = 5.0;
				TARGETED_DEVICE_FAMILY = "1,2";
				TEST_TARGET_NAME = WebViewTemplate;
			};
			name = Debug;
		};
		9B8780442E8051E400C80BE8 /* Release */ = {
			isa = XCBuildConfiguration;
			buildSettings = {
				ALWAYS_EMBED_SWIFT_STANDARD_LIBRARIES = YES;
				CODE_SIGN_STYLE = Automatic;
				CURRENT_PROJECT_VERSION = 1;
				DEVELOPMENT_TEAM = 79L49YA66N;
				GENERATE_INFOPLIST_FILE = YES;
				MARKETING_VERSION = 1.0;
				PRODUCT_BUNDLE_IDENTIFIER = testing.WebViewTemplateUITests;
				PRODUCT_NAME = "$(TARGET_NAME)";
				SWIFT_EMIT_LOC_STRINGS = NO;
				SWIFT_VERSION = 5.0;
				TARGETED_DEVICE_FAMILY = "1,2";
				TEST_TARGET_NAME = WebViewTemplate;
			};
			name = Release;
		};
/* End XCBuildConfiguration section */

/* Begin XCConfigurationList section */
		9B8780132E8051DD00C80BE8 /* Build configuration list for PBXProject "WebViewTemplate" */ = {
			isa = XCConfigurationList;
			buildConfigurations = (
				9B87803A2E8051E400C80BE8 /* Debug */,
				9B87803B2E8051E400C80BE8 /* Release */,
			);
			defaultConfigurationIsVisible = 0;
			defaultConfigurationName = Release;
		};
		9B87803C2E8051E400C80BE8 /* Build configuration list for PBXNativeTarget "WebViewTemplate" */ = {
			isa = XCConfigurationList;
			buildConfigurations = (
				9B87803D2E8051E400C80BE8 /* Debug */,
				9B87803E2E8051E400C80BE8 /* Release */,
			);
			defaultConfigurationIsVisible = 0;
			defaultConfigurationName = Release;
		};
		9B87803F2E8051E400C80BE8 /* Build configuration list for PBXNativeTarget "WebViewTemplateTests" */ = {
			isa = XCConfigurationList;
			buildConfigurations = (
				9B8780402E8051E400C80BE8 /* Debug */,
				9B8780412E8051E400C80BE8 /* Release */,
			);
			defaultConfigurationIsVisible = 0;
			defaultConfigurationName = Release;
		};
		9B8780422E8051E400C80BE8 /* Build configuration list for PBXNativeTarget "WebViewTemplateUITests" */ = {
			isa = XCConfigurationList;
			buildConfigurations = (
				9B8780432E8051E400C80BE8 /* Debug */,
				9B8780442E8051E400C80BE8 /* Release */,
			);
			defaultConfigurationIsVisible = 0;
			defaultConfigurationName = Release;
		};
/* End XCConfigurationList section */
	};
	rootObject = 9B8780102E8051DD00C80BE8 /* Project object */;
}
